
Microsoft Visual Studio Solution File, Format Version 12.00
# Visual Studio Version 16
VisualStudioVersion = 16.0.29728.190
MinimumVisualStudioVersion = 10.0.40219.1
Project("{FAE04EC0-301F-11D3-BF4B-00C04F79EFBC}") = "VirusBroadcast", "VirusBroadcast.csproj", "{F6C926AE-84AD-431C-9F90-40BB2C107053}"
EndProject
Global
	GlobalSection(SolutionConfigurationPlatforms) = preSolution
		Debug|Any CPU = Debug|Any CPU
		Release|Any CPU = Release|Any CPU
	EndGlobalSection
	GlobalSection(ProjectConfigurationPlatforms) = postSolution
		{F6C926AE-84AD-431C-9F90-40BB2C107053}.Debug|Any CPU.ActiveCfg = Debug|Any CPU
		{F6C926AE-84AD-431C-9F90-40BB2C107053}.Debug|Any CPU.Build.0 = Debug|Any CPU
		{F6C926AE-84AD-431C-9F90-40BB2C107053}.Release|Any CPU.ActiveCfg = Release|Any CPU
		{F6C926AE-84AD-431C-9F90-40BB2C107053}.Release|Any CPU.Build.0 = Release|Any CPU
	EndGlobalSection
	GlobalSection(SolutionProperties) = preSolution
		HideSolutionNode = FALSE
	EndGlobalSection
	GlobalSection(ExtensibilityGlobals) = postSolution
		SolutionGuid = {B6DB5AEA-F703-422A-B7C1-BBE7C05A913C}
	EndGlobalSection
EndGlobal
