
Microsoft Visual Studio Solution File, Format Version 12.00
# Visual Studio Version 16
VisualStudioVersion = 16.0.29728.190
MinimumVisualStudioVersion = 10.0.40219.1
Project("{FAE04EC0-301F-11D3-BF4B-00C04F79EFBC}") = "VirusBroadcast", "VirusBroadcast\VirusBroadcast.csproj", "{2169E5DC-C85B-4613-BF4F-A16B964E5428}"
EndProject
Global
	GlobalSection(SolutionConfigurationPlatforms) = preSolution
		Debug|Any CPU = Debug|Any CPU
		Release|Any CPU = Release|Any CPU
	EndGlobalSection
	GlobalSection(ProjectConfigurationPlatforms) = postSolution
		{2169E5DC-C85B-4613-BF4F-A16B964E5428}.Debug|Any CPU.ActiveCfg = Debug|Any CPU
		{2169E5DC-C85B-4613-BF4F-A16B964E5428}.Debug|Any CPU.Build.0 = Debug|Any CPU
		{2169E5DC-C85B-4613-BF4F-A16B964E5428}.Release|Any CPU.ActiveCfg = Release|Any CPU
		{2169E5DC-C85B-4613-BF4F-A16B964E5428}.Release|Any CPU.Build.0 = Release|Any CPU
	EndGlobalSection
	GlobalSection(SolutionProperties) = preSolution
		HideSolutionNode = FALSE
	EndGlobalSection
	GlobalSection(ExtensibilityGlobals) = postSolution
		SolutionGuid = {423C75FF-F750-4B33-9825-3217F4A963B3}
	EndGlobalSection
EndGlobal
